
Microsoft Visual Studio Solution File, Format Version 12.00
# Visual Studio Version 17
VisualStudioVersion = 17.13.35806.99
MinimumVisualStudioVersion = 10.0.40219.1
Project("{FAE04EC0-301F-11D3-BF4B-00C04F79EFBC}") = "back", "back\back.csproj", "{61237A54-8172-4ABF-92ED-E96427D7DDCE}"
EndProject
Project("{2150E333-8FDC-42A3-9474-1A3956D46DE8}") = "Domain", "Domain", "{02EA681E-C7D8-13C7-8484-4AC65E1B71E8}"
EndProject
Project("{FAE04EC0-301F-11D3-BF4B-00C04F79EFBC}") = "Entities", "Entities\Entities.csproj", "{25D4125D-8566-4DF3-99C2-AA40EB6BDC44}"
EndProject
Project("{2150E333-8FDC-42A3-9474-1A3956D46DE8}") = "Application", "Application", "{2A09A73F-6F15-432F-9B06-033FD906D037}"
EndProject
Project("{2150E333-8FDC-42A3-9474-1A3956D46DE8}") = "Infrastructure", "Infrastructure", "{66FF87D0-4988-4B34-92DE-4A9EECB932D9}"
EndProject
Project("{FAE04EC0-301F-11D3-BF4B-00C04F79EFBC}") = "Repositories", "Repositories\Repositories.csproj", "{81082F83-2879-4145-A170-C97833365880}"
EndProject
Project("{FAE04EC0-301F-11D3-BF4B-00C04F79EFBC}") = "Exceptions", "Exceptions\Exceptions.csproj", "{C47C02AB-BC7A-420C-BAB8-424D81AA5A63}"
EndProject
Project("{FAE04EC0-301F-11D3-BF4B-00C04F79EFBC}") = "Interfaces", "Interfaces\Interfaces.csproj", "{DA9B7004-0F0B-4FCE-8216-CFA1BEBA2314}"
EndProject
Project("{FAE04EC0-301F-11D3-BF4B-00C04F79EFBC}") = "Services", "Services\Services.csproj", "{B641A827-AC3B-4A4A-9FB4-65633AACB6C3}"
EndProject
Project("{FAE04EC0-301F-11D3-BF4B-00C04F79EFBC}") = "DTOs", "DTOs\DTOs.csproj", "{C4A8BF06-FB98-4277-B953-8927E619F3FB}"
EndProject
Project("{FAE04EC0-301F-11D3-BF4B-00C04F79EFBC}") = "Mappers", "Mappers\Mappers.csproj", "{C40AB061-DF97-492C-B214-51CD2C24E95A}"
EndProject
Project("{FAE04EC0-301F-11D3-BF4B-00C04F79EFBC}") = "Application.Interfaces", "Application.Interfaces\Application.Interfaces.csproj", "{2A971888-243A-47B1-A3C8-C0A745BEFDF7}"
EndProject
Project("{FAE04EC0-301F-11D3-BF4B-00C04F79EFBC}") = "Infrastructure.Services", "Infrastructure.Services\Infrastructure.Services.csproj", "{4B920916-8112-4F6E-8CBE-B001D4D40628}"
EndProject
Project("{FAE04EC0-301F-11D3-BF4B-00C04F79EFBC}") = "Persistence", "Persistence\Persistence.csproj", "{11178342-EB0D-4069-A677-863D8AE70C1F}"
EndProject
Project("{E53339B2-1760-4266-BCC7-CA923CBCF16C}") = "docker-compose", "docker-compose.dcproj", "{81DDED9D-158B-E303-5F62-77A2896D2A5A}"
EndProject
Project("{2150E333-8FDC-42A3-9474-1A3956D46DE8}") = "nginx", "nginx", "{CFCCA9F1-E9D5-4F63-B626-270CFF32EF6E}"
	ProjectSection(SolutionItems) = preProject
		nginx.conf = nginx.conf
	EndProjectSection
EndProject
Global
	GlobalSection(SolutionConfigurationPlatforms) = preSolution
		Debug|Any CPU = Debug|Any CPU
		Release|Any CPU = Release|Any CPU
	EndGlobalSection
	GlobalSection(ProjectConfigurationPlatforms) = postSolution
		{61237A54-8172-4ABF-92ED-E96427D7DDCE}.Debug|Any CPU.ActiveCfg = Debug|Any CPU
		{61237A54-8172-4ABF-92ED-E96427D7DDCE}.Debug|Any CPU.Build.0 = Debug|Any CPU
		{61237A54-8172-4ABF-92ED-E96427D7DDCE}.Release|Any CPU.ActiveCfg = Release|Any CPU
		{61237A54-8172-4ABF-92ED-E96427D7DDCE}.Release|Any CPU.Build.0 = Release|Any CPU
		{25D4125D-8566-4DF3-99C2-AA40EB6BDC44}.Debug|Any CPU.ActiveCfg = Debug|Any CPU
		{25D4125D-8566-4DF3-99C2-AA40EB6BDC44}.Debug|Any CPU.Build.0 = Debug|Any CPU
		{25D4125D-8566-4DF3-99C2-AA40EB6BDC44}.Release|Any CPU.ActiveCfg = Release|Any CPU
		{25D4125D-8566-4DF3-99C2-AA40EB6BDC44}.Release|Any CPU.Build.0 = Release|Any CPU
		{81082F83-2879-4145-A170-C97833365880}.Debug|Any CPU.ActiveCfg = Debug|Any CPU
		{81082F83-2879-4145-A170-C97833365880}.Debug|Any CPU.Build.0 = Debug|Any CPU
		{81082F83-2879-4145-A170-C97833365880}.Release|Any CPU.ActiveCfg = Release|Any CPU
		{81082F83-2879-4145-A170-C97833365880}.Release|Any CPU.Build.0 = Release|Any CPU
		{C47C02AB-BC7A-420C-BAB8-424D81AA5A63}.Debug|Any CPU.ActiveCfg = Debug|Any CPU
		{C47C02AB-BC7A-420C-BAB8-424D81AA5A63}.Debug|Any CPU.Build.0 = Debug|Any CPU
		{C47C02AB-BC7A-420C-BAB8-424D81AA5A63}.Release|Any CPU.ActiveCfg = Release|Any CPU
		{C47C02AB-BC7A-420C-BAB8-424D81AA5A63}.Release|Any CPU.Build.0 = Release|Any CPU
		{DA9B7004-0F0B-4FCE-8216-CFA1BEBA2314}.Debug|Any CPU.ActiveCfg = Debug|Any CPU
		{DA9B7004-0F0B-4FCE-8216-CFA1BEBA2314}.Debug|Any CPU.Build.0 = Debug|Any CPU
		{DA9B7004-0F0B-4FCE-8216-CFA1BEBA2314}.Release|Any CPU.ActiveCfg = Release|Any CPU
		{DA9B7004-0F0B-4FCE-8216-CFA1BEBA2314}.Release|Any CPU.Build.0 = Release|Any CPU
		{B641A827-AC3B-4A4A-9FB4-65633AACB6C3}.Debug|Any CPU.ActiveCfg = Debug|Any CPU
		{B641A827-AC3B-4A4A-9FB4-65633AACB6C3}.Debug|Any CPU.Build.0 = Debug|Any CPU
		{B641A827-AC3B-4A4A-9FB4-65633AACB6C3}.Release|Any CPU.ActiveCfg = Release|Any CPU
		{B641A827-AC3B-4A4A-9FB4-65633AACB6C3}.Release|Any CPU.Build.0 = Release|Any CPU
		{C4A8BF06-FB98-4277-B953-8927E619F3FB}.Debug|Any CPU.ActiveCfg = Debug|Any CPU
		{C4A8BF06-FB98-4277-B953-8927E619F3FB}.Debug|Any CPU.Build.0 = Debug|Any CPU
		{C4A8BF06-FB98-4277-B953-8927E619F3FB}.Release|Any CPU.ActiveCfg = Release|Any CPU
		{C4A8BF06-FB98-4277-B953-8927E619F3FB}.Release|Any CPU.Build.0 = Release|Any CPU
		{C40AB061-DF97-492C-B214-51CD2C24E95A}.Debug|Any CPU.ActiveCfg = Debug|Any CPU
		{C40AB061-DF97-492C-B214-51CD2C24E95A}.Debug|Any CPU.Build.0 = Debug|Any CPU
		{C40AB061-DF97-492C-B214-51CD2C24E95A}.Release|Any CPU.ActiveCfg = Release|Any CPU
		{C40AB061-DF97-492C-B214-51CD2C24E95A}.Release|Any CPU.Build.0 = Release|Any CPU
		{2A971888-243A-47B1-A3C8-C0A745BEFDF7}.Debug|Any CPU.ActiveCfg = Debug|Any CPU
		{2A971888-243A-47B1-A3C8-C0A745BEFDF7}.Debug|Any CPU.Build.0 = Debug|Any CPU
		{2A971888-243A-47B1-A3C8-C0A745BEFDF7}.Release|Any CPU.ActiveCfg = Release|Any CPU
		{2A971888-243A-47B1-A3C8-C0A745BEFDF7}.Release|Any CPU.Build.0 = Release|Any CPU
		{4B920916-8112-4F6E-8CBE-B001D4D40628}.Debug|Any CPU.ActiveCfg = Debug|Any CPU
		{4B920916-8112-4F6E-8CBE-B001D4D40628}.Debug|Any CPU.Build.0 = Debug|Any CPU
		{4B920916-8112-4F6E-8CBE-B001D4D40628}.Release|Any CPU.ActiveCfg = Release|Any CPU
		{4B920916-8112-4F6E-8CBE-B001D4D40628}.Release|Any CPU.Build.0 = Release|Any CPU
		{11178342-EB0D-4069-A677-863D8AE70C1F}.Debug|Any CPU.ActiveCfg = Debug|Any CPU
		{11178342-EB0D-4069-A677-863D8AE70C1F}.Debug|Any CPU.Build.0 = Debug|Any CPU
		{11178342-EB0D-4069-A677-863D8AE70C1F}.Release|Any CPU.ActiveCfg = Release|Any CPU
		{11178342-EB0D-4069-A677-863D8AE70C1F}.Release|Any CPU.Build.0 = Release|Any CPU
		{81DDED9D-158B-E303-5F62-77A2896D2A5A}.Debug|Any CPU.ActiveCfg = Debug|Any CPU
		{81DDED9D-158B-E303-5F62-77A2896D2A5A}.Debug|Any CPU.Build.0 = Debug|Any CPU
		{81DDED9D-158B-E303-5F62-77A2896D2A5A}.Release|Any CPU.ActiveCfg = Release|Any CPU
		{81DDED9D-158B-E303-5F62-77A2896D2A5A}.Release|Any CPU.Build.0 = Release|Any CPU
	EndGlobalSection
	GlobalSection(SolutionProperties) = preSolution
		HideSolutionNode = FALSE
	EndGlobalSection
	GlobalSection(NestedProjects) = preSolution
		{25D4125D-8566-4DF3-99C2-AA40EB6BDC44} = {02EA681E-C7D8-13C7-8484-4AC65E1B71E8}
		{81082F83-2879-4145-A170-C97833365880} = {02EA681E-C7D8-13C7-8484-4AC65E1B71E8}
		{C47C02AB-BC7A-420C-BAB8-424D81AA5A63} = {02EA681E-C7D8-13C7-8484-4AC65E1B71E8}
		{DA9B7004-0F0B-4FCE-8216-CFA1BEBA2314} = {2A09A73F-6F15-432F-9B06-033FD906D037}
		{B641A827-AC3B-4A4A-9FB4-65633AACB6C3} = {2A09A73F-6F15-432F-9B06-033FD906D037}
		{C4A8BF06-FB98-4277-B953-8927E619F3FB} = {2A09A73F-6F15-432F-9B06-033FD906D037}
		{C40AB061-DF97-492C-B214-51CD2C24E95A} = {2A09A73F-6F15-432F-9B06-033FD906D037}
		{2A971888-243A-47B1-A3C8-C0A745BEFDF7} = {66FF87D0-4988-4B34-92DE-4A9EECB932D9}
		{4B920916-8112-4F6E-8CBE-B001D4D40628} = {66FF87D0-4988-4B34-92DE-4A9EECB932D9}
		{11178342-EB0D-4069-A677-863D8AE70C1F} = {66FF87D0-4988-4B34-92DE-4A9EECB932D9}
	EndGlobalSection
	GlobalSection(ExtensibilityGlobals) = postSolution
		SolutionGuid = {D7F42420-28F9-4F52-AA5D-6873E3B450F0}
	EndGlobalSection
EndGlobal
